
Microsoft Visual Studio Solution File, Format Version 12.00
# Visual Studio Version 17
VisualStudioVersion = 17.9.34622.214
MinimumVisualStudioVersion = 10.0.40219.1
Project("{9A19103F-16F7-4668-BE54-9A1E7A4F7556}") = "SubmissionApi", "SubmissionApi.csproj", "{59B8D60B-7633-4F88-AFDF-1DDD044D9F20}"
EndProject
Project("{FAE04EC0-301F-11D3-BF4B-00C04F79EFBC}") = "SubmissionAPITests", "..\SubmissionAPITests\SubmissionAPITests.csproj", "{5EC53425-19DC-4726-AE0A-CC7560943769}"
EndProject
Global
	GlobalSection(SolutionConfigurationPlatforms) = preSolution
		Debug|Any CPU = Debug|Any CPU
		Release|Any CPU = Release|Any CPU
	EndGlobalSection
	GlobalSection(ProjectConfigurationPlatforms) = postSolution
		{59B8D60B-7633-4F88-AFDF-1DDD044D9F20}.Debug|Any CPU.ActiveCfg = Debug|Any CPU
		{59B8D60B-7633-4F88-AFDF-1DDD044D9F20}.Debug|Any CPU.Build.0 = Debug|Any CPU
		{59B8D60B-7633-4F88-AFDF-1DDD044D9F20}.Release|Any CPU.ActiveCfg = Release|Any CPU
		{59B8D60B-7633-4F88-AFDF-1DDD044D9F20}.Release|Any CPU.Build.0 = Release|Any CPU
		{5EC53425-19DC-4726-AE0A-CC7560943769}.Debug|Any CPU.ActiveCfg = Debug|Any CPU
		{5EC53425-19DC-4726-AE0A-CC7560943769}.Debug|Any CPU.Build.0 = Debug|Any CPU
		{5EC53425-19DC-4726-AE0A-CC7560943769}.Release|Any CPU.ActiveCfg = Release|Any CPU
		{5EC53425-19DC-4726-AE0A-CC7560943769}.Release|Any CPU.Build.0 = Release|Any CPU
	EndGlobalSection
	GlobalSection(SolutionProperties) = preSolution
		HideSolutionNode = FALSE
	EndGlobalSection
	GlobalSection(ExtensibilityGlobals) = postSolution
		SolutionGuid = {7AFFF4F8-C79E-4ECA-999E-B55CE47E44B9}
	EndGlobalSection
EndGlobal
